# THIS IS AN AUTOGENERATED FILE. DO NOT EDIT THIS FILE DIRECTLY.
# yarn lockfile v1


"@types/node@^15.12.5":
  version "15.12.5"
  resolved "https://registry.nlark.com/@types/node/download/@types/node-15.12.5.tgz?cache=0&sync_timestamp=1624762997005&other_urls=https%3A%2F%2Fregistry.nlark.com%2F%40types%2Fnode%2Fdownload%2F%40types%2Fnode-15.12.5.tgz#9a78318a45d75c9523d2396131bd3cca54b2d185"
  integrity sha1-mngxikXXXJUj0jlhMb08ylSy0YU=

commander@^8.0.0:
  version "8.0.0"
  resolved "https://registry.nlark.com/commander/download/commander-8.0.0.tgz?cache=0&sync_timestamp=1624609570521&other_urls=https%3A%2F%2Fregistry.nlark.com%2Fcommander%2Fdownload%2Fcommander-8.0.0.tgz#1da2139548caef59bd23e66d18908dfb54b02258"
  integrity sha1-HaITlUjK71m9I+ZtGJCN+1SwIlg=
